
Microsoft Visual Studio Solution File, Format Version 12.00
# Visual Studio Version 17
VisualStudioVersion = 17.11.35327.3
MinimumVisualStudioVersion = 10.0.40219.1
Project("{FAE04EC0-301F-11D3-BF4B-00C04F79EFBC}") = "ITSupportBot", "ITSupportBot\ITSupportBot.csproj", "{C488D1FA-5481-40D8-A144-8C221EF01FB9}"
EndProject
Global
	GlobalSection(SolutionConfigurationPlatforms) = preSolution
		Debug|Any CPU = Debug|Any CPU
		Release|Any CPU = Release|Any CPU
	EndGlobalSection
	GlobalSection(ProjectConfigurationPlatforms) = postSolution
		{C488D1FA-5481-40D8-A144-8C221EF01FB9}.Debug|Any CPU.ActiveCfg = Debug|Any CPU
		{C488D1FA-5481-40D8-A144-8C221EF01FB9}.Debug|Any CPU.Build.0 = Debug|Any CPU
		{C488D1FA-5481-40D8-A144-8C221EF01FB9}.Release|Any CPU.ActiveCfg = Release|Any CPU
		{C488D1FA-5481-40D8-A144-8C221EF01FB9}.Release|Any CPU.Build.0 = Release|Any CPU
	EndGlobalSection
	GlobalSection(SolutionProperties) = preSolution
		HideSolutionNode = FALSE
	EndGlobalSection
	GlobalSection(ExtensibilityGlobals) = postSolution
		SolutionGuid = {DC5AE870-3519-4E8B-B0AE-29B406533431}
	EndGlobalSection
EndGlobal
